// !$*UTF8*$!
{
	archiveVersion = 1;
	classes = {
	};
	objectVersion = 46;
	objects = {

/* Begin PBXBuildFile section */
		B538575B1A6512B400ED9AAB /* main.m in Sources */ = {isa = PBXBuildFile; fileRef = B538575A1A6512B400ED9AAB /* main.m */; };
		B538575E1A6512B400ED9AAB /* AppDelegate.m in Sources */ = {isa = PBXBuildFile; fileRef = B538575D1A6512B400ED9AAB /* AppDelegate.m */; };
		B53857611A6512B400ED9AAB /* ViewController.m in Sources */ = {isa = PBXBuildFile; fileRef = B53857601A6512B400ED9AAB /* ViewController.m */; };
		B53857641A6512B400ED9AAB /* Main.storyboard in Resources */ = {isa = PBXBuildFile; fileRef = B53857621A6512B400ED9AAB /* Main.storyboard */; };
		B53857661A6512B400ED9AAB /* Images.xcassets in Resources */ = {isa = PBXBuildFile; fileRef = B53857651A6512B400ED9AAB /* Images.xcassets */; };
		B53857691A6512B400ED9AAB /* LaunchScreen.xib in Resources */ = {isa = PBXBuildFile; fileRef = B53857671A6512B400ED9AAB /* LaunchScreen.xib */; };
		B53857751A6512B400ED9AAB /* TestProject2Tests.m in Sources */ = {isa = PBXBuildFile; fileRef = B53857741A6512B400ED9AAB /* TestProject2Tests.m */; };
/* End PBXBuildFile section */

/* Begin PBXContainerItemProxy section */
		B538576F1A6512B400ED9AAB /* PBXContainerItemProxy */ = {
			isa = PBXContainerItemProxy;
			containerPortal = B538574D1A6512B400ED9AAB /* Project object */;
			proxyType = 1;
			remoteGlobalIDString = B53857541A6512B400ED9AAB;
			remoteInfo = TestProject2;
		};
/* End PBXContainerItemProxy section */

/* Begin PBXFileReference section */
		B53857551A6512B400ED9AAB /* TestProject2.app */ = {isa = PBXFileReference; explicitFileType = wrapper.application; includeInIndex = 0; path = TestProject2.app; sourceTree = BUILT_PRODUCTS_DIR; };
		B53857591A6512B400ED9AAB /* Info.plist */ = {isa = PBXFileReference; lastKnownFileType = text.plist.xml; path = Info.plist; sourceTree = "<group>"; };
		B538575A1A6512B400ED9AAB /* main.m */ = {isa = PBXFileReference; lastKnownFileType = sourcecode.c.objc; path = main.m; sourceTree = "<group>"; };
		B538575C1A6512B400ED9AAB /* AppDelegate.h */ = {isa = PBXFileReference; lastKnownFileType = sourcecode.c.h; path = AppDelegate.h; sourceTree = "<group>"; };
		B538575D1A6512B400ED9AAB /* AppDelegate.m */ = {isa = PBXFileReference; lastKnownFileType = sourcecode.c.objc; path = AppDelegate.m; sourceTree = "<group>"; };
		B538575F1A6512B400ED9AAB /* ViewController.h */ = {isa = PBXFileReference; lastKnownFileType = sourcecode.c.h; path = ViewController.h; sourceTree = "<group>"; };
		B53857601A6512B400ED9AAB /* ViewController.m */ = {isa = PBXFileReference; lastKnownFileType = sourcecode.c.objc; path = ViewController.m; sourceTree = "<group>"; };
		B53857631A6512B400ED9AAB /* Base */ = {isa = PBXFileReference; lastKnownFileType = file.storyboard; name = Base; path = Base.lproj/Main.storyboard; sourceTree = "<group>"; };
		B53857651A6512B400ED9AAB /* Images.xcassets */ = {isa = PBXFileReference; lastKnownFileType = folder.assetcatalog; path = Images.xcassets; sourceTree = "<group>"; };
		B53857681A6512B400ED9AAB /* Base */ = {isa = PBXFileReference; lastKnownFileType = file.xib; name = Base; path = Base.lproj/LaunchScreen.xib; sourceTree = "<group>"; };
		B538576E1A6512B400ED9AAB /* TestProject2Tests.xctest */ = {isa = PBXFileReference; explicitFileType = wrapper.cfbundle; includeInIndex = 0; path = TestProject2Tests.xctest; sourceTree = BUILT_PRODUCTS_DIR; };
		B53857731A6512B400ED9AAB /* Info.plist */ = {isa = PBXFileReference; lastKnownFileType = text.plist.xml; path = Info.plist; sourceTree = "<group>"; };
		B53857741A6512B400ED9AAB /* TestProject2Tests.m */ = {isa = PBXFileReference; lastKnownFileType = sourcecode.c.objc; path = TestProject2Tests.m; sourceTree = "<group>"; };
/* End PBXFileReference section */

/* Begin PBXFrameworksBuildPhase section */
		B53857521A6512B400ED9AAB /* Frameworks */ = {
			isa = PBXFrameworksBuildPhase;
			buildActionMask = 2147483647;
			files = (
			);
			runOnlyForDeploymentPostprocessing = 0;
		};
		B538576B1A6512B400ED9AAB /* Frameworks */ = {
			isa = PBXFrameworksBuildPhase;
			buildActionMask = 2147483647;
			files = (
			);
			runOnlyForDeploymentPostprocessing = 0;
		};
/* End PBXFrameworksBuildPhase section */

/* Begin PBXGroup section */
		B538574C1A6512B400ED9AAB = {
			isa = PBXGroup;
			children = (
				B53857571A6512B400ED9AAB /* TestProject2 */,
				B53857711A6512B400ED9AAB /* TestProject2Tests */,
				B53857561A6512B400ED9AAB /* Products */,
			);
			sourceTree = "<group>";
		};
		B53857561A6512B400ED9AAB /* Products */ = {
			isa = PBXGroup;
			children = (
				B53857551A6512B400ED9AAB /* TestProject2.app */,
				B538576E1A6512B400ED9AAB /* TestProject2Tests.xctest */,
			);
			name = Products;
			sourceTree = "<group>";
		};
		B53857571A6512B400ED9AAB /* TestProject2 */ = {
			isa = PBXGroup;
			children = (
				B538575C1A6512B400ED9AAB /* AppDelegate.h */,
				B538575D1A6512B400ED9AAB /* AppDelegate.m */,
				B538575F1A6512B400ED9AAB /* ViewController.h */,
				B53857601A6512B400ED9AAB /* ViewController.m */,
				B53857621A6512B400ED9AAB /* Main.storyboard */,
				B53857651A6512B400ED9AAB /* Images.xcassets */,
				B53857671A6512B400ED9AAB /* LaunchScreen.xib */,
				B53857581A6512B400ED9AAB /* Supporting Files */,
			);
			path = TestProject2;
			sourceTree = "<group>";
		};
		B53857581A6512B400ED9AAB /* Supporting Files */ = {
			isa = PBXGroup;
			children = (
				B53857591A6512B400ED9AAB /* Info.plist */,
				B538575A1A6512B400ED9AAB /* main.m */,
			);
			name = "Supporting Files";
			sourceTree = "<group>";
		};
		B53857711A6512B400ED9AAB /* TestProject2Tests */ = {
			isa = PBXGroup;
			children = (
				B53857741A6512B400ED9AAB /* TestProject2Tests.m */,
				B53857721A6512B400ED9AAB /* Supporting Files */,
			);
			path = TestProject2Tests;
			sourceTree = "<group>";
		};
		B53857721A6512B400ED9AAB /* Supporting Files */ = {
			isa = PBXGroup;
			children = (
				B53857731A6512B400ED9AAB /* Info.plist */,
			);
			name = "Supporting Files";
			sourceTree = "<group>";
		};
/* End PBXGroup section */

/* Begin PBXNativeTarget section */
		B53857541A6512B400ED9AAB /* TestProject2 */ = {
			isa = PBXNativeTarget;
			buildConfigurationList = B53857781A6512B400ED9AAB /* Build configuration list for PBXNativeTarget "TestProject2" */;
			buildPhases = (
				B53857511A6512B400ED9AAB /* Sources */,
				B53857521A6512B400ED9AAB /* Frameworks */,
				B53857531A6512B400ED9AAB /* Resources */,
			);
			buildRules = (
			);
			dependencies = (
			);
			name = TestProject2;
			productName = TestProject2;
			productReference = B53857551A6512B400ED9AAB /* TestProject2.app */;
			productType = "com.apple.product-type.application";
		};
		B538576D1A6512B400ED9AAB /* TestProject2Tests */ = {
			isa = PBXNativeTarget;
			buildConfigurationList = B538577B1A6512B400ED9AAB /* Build configuration list for PBXNativeTarget "TestProject2Tests" */;
			buildPhases = (
				B538576A1A6512B400ED9AAB /* Sources */,
				B538576B1A6512B400ED9AAB /* Frameworks */,
				B538576C1A6512B400ED9AAB /* Resources */,
			);
			buildRules = (
			);
			dependencies = (
				B53857701A6512B400ED9AAB /* PBXTargetDependency */,
			);
			name = TestProject2Tests;
			productName = TestProject2Tests;
			productReference = B538576E1A6512B400ED9AAB /* TestProject2Tests.xctest */;
			productType = "com.apple.product-type.bundle.unit-test";
		};
/* End PBXNativeTarget section */

/* Begin PBXProject section */
		B538574D1A6512B400ED9AAB /* Project object */ = {
			isa = PBXProject;
			attributes = {
				LastUpgradeCheck = 0610;
				ORGANIZATIONNAME = "F@N Communications";
				TargetAttributes = {
					B53857541A6512B400ED9AAB = {
						CreatedOnToolsVersion = 6.1.1;
					};
					B538576D1A6512B400ED9AAB = {
						CreatedOnToolsVersion = 6.1.1;
						TestTargetID = B53857541A6512B400ED9AAB;
					};
				};
			};
			buildConfigurationList = B53857501A6512B400ED9AAB /* Build configuration list for PBXProject "TestProject2" */;
			compatibilityVersion = "Xcode 3.2";
			developmentRegion = English;
			hasScannedForEncodings = 0;
			knownRegions = (
				en,
				Base,
			);
			mainGroup = B538574C1A6512B400ED9AAB;
			productRefGroup = B53857561A6512B400ED9AAB /* Products */;
			projectDirPath = "";
			projectRoot = "";
			targets = (
				B53857541A6512B400ED9AAB /* TestProject2 */,
				B538576D1A6512B400ED9AAB /* TestProject2Tests */,
			);
		};
/* End PBXProject section */

/* Begin PBXResourcesBuildPhase section */
		B53857531A6512B400ED9AAB /* Resources */ = {
			isa = PBXResourcesBuildPhase;
			buildActionMask = 2147483647;
			files = (
				B53857641A6512B400ED9AAB /* Main.storyboard in Resources */,
				B53857691A6512B400ED9AAB /* LaunchScreen.xib in Resources */,
				B53857661A6512B400ED9AAB /* Images.xcassets in Resources */,
			);
			runOnlyForDeploymentPostprocessing = 0;
		};
		B538576C1A6512B400ED9AAB /* Resources */ = {
			isa = PBXResourcesBuildPhase;
			buildActionMask = 2147483647;
			files = (
			);
			runOnlyForDeploymentPostprocessing = 0;
		};
/* End PBXResourcesBuildPhase section */

/* Begin PBXSourcesBuildPhase section */
		B53857511A6512B400ED9AAB /* Sources */ = {
			isa = PBXSourcesBuildPhase;
			buildActionMask = 2147483647;
			files = (
				B53857611A6512B400ED9AAB /* ViewController.m in Sources */,
				B538575E1A6512B400ED9AAB /* AppDelegate.m in Sources */,
				B538575B1A6512B400ED9AAB /* main.m in Sources */,
			);
			runOnlyForDeploymentPostprocessing = 0;
		};
		B538576A1A6512B400ED9AAB /* Sources */ = {
			isa = PBXSourcesBuildPhase;
			buildActionMask = 2147483647;
			files = (
				B53857751A6512B400ED9AAB /* TestProject2Tests.m in Sources */,
			);
			runOnlyForDeploymentPostprocessing = 0;
		};
/* End PBXSourcesBuildPhase section */

/* Begin PBXTargetDependency section */
		B53857701A6512B400ED9AAB /* PBXTargetDependency */ = {
			isa = PBXTargetDependency;
			target = B53857541A6512B400ED9AAB /* TestProject2 */;
			targetProxy = B538576F1A6512B400ED9AAB /* PBXContainerItemProxy */;
		};
/* End PBXTargetDependency section */

/* Begin PBXVariantGroup section */
		B53857621A6512B400ED9AAB /* Main.storyboard */ = {
			isa = PBXVariantGroup;
			children = (
				B53857631A6512B400ED9AAB /* Base */,
			);
			name = Main.storyboard;
			sourceTree = "<group>";
		};
		B53857671A6512B400ED9AAB /* LaunchScreen.xib */ = {
			isa = PBXVariantGroup;
			children = (
				B53857681A6512B400ED9AAB /* Base */,
			);
			name = LaunchScreen.xib;
			sourceTree = "<group>";
		};
/* End PBXVariantGroup section */

/* Begin XCBuildConfiguration section */
		B53857761A6512B400ED9AAB /* Debug */ = {
			isa = XCBuildConfiguration;
			buildSettings = {
				ALWAYS_SEARCH_USER_PATHS = NO;
				CLANG_CXX_LANGUAGE_STANDARD = "gnu++0x";
				CLANG_CXX_LIBRARY = "libc++";
				CLANG_ENABLE_MODULES = YES;
				CLANG_ENABLE_OBJC_ARC = YES;
				CLANG_WARN_BOOL_CONVERSION = YES;
				CLANG_WARN_CONSTANT_CONVERSION = YES;
				CLANG_WARN_DIRECT_OBJC_ISA_USAGE = YES_ERROR;
				CLANG_WARN_EMPTY_BODY = YES;
				CLANG_WARN_ENUM_CONVERSION = YES;
				CLANG_WARN_INT_CONVERSION = YES;
				CLANG_WARN_OBJC_ROOT_CLASS = YES_ERROR;
				CLANG_WARN_UNREACHABLE_CODE = YES;
				CLANG_WARN__DUPLICATE_METHOD_MATCH = YES;
				"CODE_SIGN_IDENTITY[sdk=iphoneos*]" = "iPhone Developer";
				COPY_PHASE_STRIP = NO;
				ENABLE_STRICT_OBJC_MSGSEND = YES;
				GCC_C_LANGUAGE_STANDARD = gnu99;
				GCC_DYNAMIC_NO_PIC = NO;
				GCC_OPTIMIZATION_LEVEL = 0;
				GCC_PREPROCESSOR_DEFINITIONS = (
					"DEBUG=1",
					"$(inherited)",
				);
				GCC_SYMBOLS_PRIVATE_EXTERN = NO;
				GCC_WARN_64_TO_32_BIT_CONVERSION = YES;
				GCC_WARN_ABOUT_RETURN_TYPE = YES_ERROR;
				GCC_WARN_UNDECLARED_SELECTOR = YES;
				GCC_WARN_UNINITIALIZED_AUTOS = YES_AGGRESSIVE;
				GCC_WARN_UNUSED_FUNCTION = YES;
				GCC_WARN_UNUSED_VARIABLE = YES;
				IPHONEOS_DEPLOYMENT_TARGET = 8.1;
				MTL_ENABLE_DEBUG_INFO = YES;
				ONLY_ACTIVE_ARCH = YES;
				SDKROOT = iphoneos;
				TARGETED_DEVICE_FAMILY = "1,2";
			};
			name = Debug;
		};
		B53857771A6512B400ED9AAB /* Release */ = {
			isa = XCBuildConfiguration;
			buildSettings = {
				ALWAYS_SEARCH_USER_PATHS = NO;
				CLANG_CXX_LANGUAGE_STANDARD = "gnu++0x";
				CLANG_CXX_LIBRARY = "libc++";
				CLANG_ENABLE_MODULES = YES;
				CLANG_ENABLE_OBJC_ARC = YES;
				CLANG_WARN_BOOL_CONVERSION = YES;
				CLANG_WARN_CONSTANT_CONVERSION = YES;
				CLANG_WARN_DIRECT_OBJC_ISA_USAGE = YES_ERROR;
				CLANG_WARN_EMPTY_BODY = YES;
				CLANG_WARN_ENUM_CONVERSION = YES;
				CLANG_WARN_INT_CONVERSION = YES;
				CLANG_WARN_OBJC_ROOT_CLASS = YES_ERROR;
				CLANG_WARN_UNREACHABLE_CODE = YES;
				CLANG_WARN__DUPLICATE_METHOD_MATCH = YES;
				"CODE_SIGN_IDENTITY[sdk=iphoneos*]" = "iPhone Developer";
				COPY_PHASE_STRIP = YES;
				ENABLE_NS_ASSERTIONS = NO;
				ENABLE_STRICT_OBJC_MSGSEND = YES;
				GCC_C_LANGUAGE_STANDARD = gnu99;
				GCC_WARN_64_TO_32_BIT_CONVERSION = YES;
				GCC_WARN_ABOUT_RETURN_TYPE = YES_ERROR;
				GCC_WARN_UNDECLARED_SELECTOR = YES;
				GCC_WARN_UNINITIALIZED_AUTOS = YES_AGGRESSIVE;
				GCC_WARN_UNUSED_FUNCTION = YES;
				GCC_WARN_UNUSED_VARIABLE = YES;
				IPHONEOS_DEPLOYMENT_TARGET = 8.1;
				MTL_ENABLE_DEBUG_INFO = NO;
				SDKROOT = iphoneos;
				TARGETED_DEVICE_FAMILY = "1,2";
				VALIDATE_PRODUCT = YES;
			};
			name = Release;
		};
		B53857791A6512B400ED9AAB /* Debug */ = {
			isa = XCBuildConfiguration;
			buildSettings = {
				ASSETCATALOG_COMPILER_APPICON_NAME = AppIcon;
				INFOPLIST_FILE = TestProject2/Info.plist;
				LD_RUNPATH_SEARCH_PATHS = "$(inherited) @executable_path/Frameworks";
				PRODUCT_NAME = "$(TARGET_NAME)";
			};
			name = Debug;
		};
		B538577A1A6512B400ED9AAB /* Release */ = {
			isa = XCBuildConfiguration;
			buildSettings = {
				ASSETCATALOG_COMPILER_APPICON_NAME = AppIcon;
				INFOPLIST_FILE = TestProject2/Info.plist;
				LD_RUNPATH_SEARCH_PATHS = "$(inherited) @executable_path/Frameworks";
				PRODUCT_NAME = "$(TARGET_NAME)";
			};
			name = Release;
		};
		B538577C1A6512B400ED9AAB /* Debug */ = {
			isa = XCBuildConfiguration;
			buildSettings = {
				BUNDLE_LOADER = "$(TEST_HOST)";
				FRAMEWORK_SEARCH_PATHS = (
					"$(SDKROOT)/Developer/Library/Frameworks",
					"$(inherited)",
				);
				GCC_PREPROCESSOR_DEFINITIONS = (
					"DEBUG=1",
					"$(inherited)",
				);
				INFOPLIST_FILE = TestProject2Tests/Info.plist;
				LD_RUNPATH_SEARCH_PATHS = "$(inherited) @executable_path/Frameworks @loader_path/Frameworks";
				PRODUCT_NAME = "$(TARGET_NAME)";
				TEST_HOST = "$(BUILT_PRODUCTS_DIR)/TestProject2.app/TestProject2";
			};
			name = Debug;
		};
		B538577D1A6512B400ED9AAB /* Release */ = {
			isa = XCBuildConfiguration;
			buildSettings = {
				BUNDLE_LOADER = "$(TEST_HOST)";
				FRAMEWORK_SEARCH_PATHS = (
					"$(SDKROOT)/Developer/Library/Frameworks",
					"$(inherited)",
				);
				INFOPLIST_FILE = TestProject2Tests/Info.plist;
				LD_RUNPATH_SEARCH_PATHS = "$(inherited) @executable_path/Frameworks @loader_path/Frameworks";
				PRODUCT_NAME = "$(TARGET_NAME)";
				TEST_HOST = "$(BUILT_PRODUCTS_DIR)/TestProject2.app/TestProject2";
			};
			name = Release;
		};
/* End XCBuildConfiguration section */

/* Begin XCConfigurationList section */
		B53857501A6512B400ED9AAB /* Build configuration list for PBXProject "TestProject2" */ = {
			isa = XCConfigurationList;
			buildConfigurations = (
				B53857761A6512B400ED9AAB /* Debug */,
				B53857771A6512B400ED9AAB /* Release */,
			);
			defaultConfigurationIsVisible = 0;
			defaultConfigurationName = Release;
		};
		B53857781A6512B400ED9AAB /* Build configuration list for PBXNativeTarget "TestProject2" */ = {
			isa = XCConfigurationList;
			buildConfigurations = (
				B53857791A6512B400ED9AAB /* Debug */,
				B538577A1A6512B400ED9AAB /* Release */,
			);
			defaultConfigurationIsVisible = 0;
		};
		B538577B1A6512B400ED9AAB /* Build configuration list for PBXNativeTarget "TestProject2Tests" */ = {
			isa = XCConfigurationList;
			buildConfigurations = (
				B538577C1A6512B400ED9AAB /* Debug */,
				B538577D1A6512B400ED9AAB /* Release */,
			);
			defaultConfigurationIsVisible = 0;
		};
/* End XCConfigurationList section */
	};
	rootObject = B538574D1A6512B400ED9AAB /* Project object */;
}
